
Microsoft Visual Studio Solution File, Format Version 12.00
# Visual Studio Version 16
VisualStudioVersion = 16.0.30907.101
MinimumVisualStudioVersion = 10.0.40219.1
Project("{9A19103F-16F7-4668-BE54-9A1E7A4F7556}") = "XUnitTestProject", "XUnitTestProject\XUnitTestProject.csproj", "{E05B0F3F-333E-4842-8D43-06C8D938BE27}"
EndProject
Project("{FAE04EC0-301F-11D3-BF4B-00C04F79EFBC}") = "TestRunner", "TestRunner\TestRunner.csproj", "{EEFA4327-D6CA-409B-A26B-F6DB08E80DF6}"
EndProject
Project("{FAE04EC0-301F-11D3-BF4B-00C04F79EFBC}") = "TestRunnerCore", "TestRunnerCore\TestRunnerCore.csproj", "{548003BD-7227-4159-8FD9-1F21AC78707F}"
EndProject
Project("{FAE04EC0-301F-11D3-BF4B-00C04F79EFBC}") = "GenevaLibrary", "GenevaLibrary\GenevaLibrary.csproj", "{361BFED3-8783-4615-8792-B2EB9E1631B7}"
EndProject
Project("{FAE04EC0-301F-11D3-BF4B-00C04F79EFBC}") = "XUnitTestProjectCore", "XUnitTestProjectCore\XUnitTestProjectCore.csproj", "{1C186521-4BA9-4AC8-A79D-3535AB4F9730}"
EndProject
Global
	GlobalSection(SolutionConfigurationPlatforms) = preSolution
		Debug|Any CPU = Debug|Any CPU
		Release|Any CPU = Release|Any CPU
	EndGlobalSection
	GlobalSection(ProjectConfigurationPlatforms) = postSolution
		{E05B0F3F-333E-4842-8D43-06C8D938BE27}.Debug|Any CPU.ActiveCfg = Debug|Any CPU
		{E05B0F3F-333E-4842-8D43-06C8D938BE27}.Debug|Any CPU.Build.0 = Debug|Any CPU
		{E05B0F3F-333E-4842-8D43-06C8D938BE27}.Release|Any CPU.ActiveCfg = Release|Any CPU
		{E05B0F3F-333E-4842-8D43-06C8D938BE27}.Release|Any CPU.Build.0 = Release|Any CPU
		{EEFA4327-D6CA-409B-A26B-F6DB08E80DF6}.Debug|Any CPU.ActiveCfg = Debug|Any CPU
		{EEFA4327-D6CA-409B-A26B-F6DB08E80DF6}.Debug|Any CPU.Build.0 = Debug|Any CPU
		{EEFA4327-D6CA-409B-A26B-F6DB08E80DF6}.Release|Any CPU.ActiveCfg = Release|Any CPU
		{EEFA4327-D6CA-409B-A26B-F6DB08E80DF6}.Release|Any CPU.Build.0 = Release|Any CPU
		{548003BD-7227-4159-8FD9-1F21AC78707F}.Debug|Any CPU.ActiveCfg = Debug|Any CPU
		{548003BD-7227-4159-8FD9-1F21AC78707F}.Debug|Any CPU.Build.0 = Debug|Any CPU
		{548003BD-7227-4159-8FD9-1F21AC78707F}.Release|Any CPU.ActiveCfg = Release|Any CPU
		{548003BD-7227-4159-8FD9-1F21AC78707F}.Release|Any CPU.Build.0 = Release|Any CPU
		{361BFED3-8783-4615-8792-B2EB9E1631B7}.Debug|Any CPU.ActiveCfg = Debug|Any CPU
		{361BFED3-8783-4615-8792-B2EB9E1631B7}.Debug|Any CPU.Build.0 = Debug|Any CPU
		{361BFED3-8783-4615-8792-B2EB9E1631B7}.Release|Any CPU.ActiveCfg = Release|Any CPU
		{361BFED3-8783-4615-8792-B2EB9E1631B7}.Release|Any CPU.Build.0 = Release|Any CPU
		{1C186521-4BA9-4AC8-A79D-3535AB4F9730}.Debug|Any CPU.ActiveCfg = Debug|Any CPU
		{1C186521-4BA9-4AC8-A79D-3535AB4F9730}.Debug|Any CPU.Build.0 = Debug|Any CPU
		{1C186521-4BA9-4AC8-A79D-3535AB4F9730}.Release|Any CPU.ActiveCfg = Release|Any CPU
		{1C186521-4BA9-4AC8-A79D-3535AB4F9730}.Release|Any CPU.Build.0 = Release|Any CPU
	EndGlobalSection
	GlobalSection(SolutionProperties) = preSolution
		HideSolutionNode = FALSE
	EndGlobalSection
	GlobalSection(ExtensibilityGlobals) = postSolution
		SolutionGuid = {2466E856-9CCF-426B-8478-F6D1AB7C6110}
	EndGlobalSection
EndGlobal
