
Microsoft Visual Studio Solution File, Format Version 12.00
# Visual Studio Version 16
VisualStudioVersion = 16.0.30907.101
MinimumVisualStudioVersion = 10.0.40219.1
Project("{9A19103F-16F7-4668-BE54-9A1E7A4F7556}") = "XUnitTestProject", "XUnitTestProject\XUnitTestProject.csproj", "{E05B0F3F-333E-4842-8D43-06C8D938BE27}"
EndProject
Project("{FAE04EC0-301F-11D3-BF4B-00C04F79EFBC}") = "TestRunner", "TestRunner\TestRunner.csproj", "{EEFA4327-D6CA-409B-A26B-F6DB08E80DF6}"
EndProject
Global
	GlobalSection(SolutionConfigurationPlatforms) = preSolution
		Debug|Any CPU = Debug|Any CPU
		Release|Any CPU = Release|Any CPU
	EndGlobalSection
	GlobalSection(ProjectConfigurationPlatforms) = postSolution
		{E05B0F3F-333E-4842-8D43-06C8D938BE27}.Debug|Any CPU.ActiveCfg = Debug|Any CPU
		{E05B0F3F-333E-4842-8D43-06C8D938BE27}.Debug|Any CPU.Build.0 = Debug|Any CPU
		{E05B0F3F-333E-4842-8D43-06C8D938BE27}.Release|Any CPU.ActiveCfg = Release|Any CPU
		{E05B0F3F-333E-4842-8D43-06C8D938BE27}.Release|Any CPU.Build.0 = Release|Any CPU
		{EEFA4327-D6CA-409B-A26B-F6DB08E80DF6}.Debug|Any CPU.ActiveCfg = Debug|Any CPU
		{EEFA4327-D6CA-409B-A26B-F6DB08E80DF6}.Debug|Any CPU.Build.0 = Debug|Any CPU
		{EEFA4327-D6CA-409B-A26B-F6DB08E80DF6}.Release|Any CPU.ActiveCfg = Release|Any CPU
		{EEFA4327-D6CA-409B-A26B-F6DB08E80DF6}.Release|Any CPU.Build.0 = Release|Any CPU
	EndGlobalSection
	GlobalSection(SolutionProperties) = preSolution
		HideSolutionNode = FALSE
	EndGlobalSection
	GlobalSection(ExtensibilityGlobals) = postSolution
		SolutionGuid = {2466E856-9CCF-426B-8478-F6D1AB7C6110}
	EndGlobalSection
EndGlobal
