
Microsoft Visual Studio Solution File, Format Version 12.00
# Visual Studio Version 16
VisualStudioVersion = 16.0.30907.101
MinimumVisualStudioVersion = 10.0.40219.1
Project("{FAE04EC0-301F-11D3-BF4B-00C04F79EFBC}") = "TestRunnerSample", "TestRunnerSample.csproj", "{46FB957F-8BA9-41EF-9DF1-406244D1869A}"
EndProject
Project("{FAE04EC0-301F-11D3-BF4B-00C04F79EFBC}") = "XUnitTestProject", "..\XUnitTestProject\XUnitTestProject.csproj", "{E05B0F3F-333E-4842-8D43-06C8D938BE27}"
EndProject
Global
	GlobalSection(SolutionConfigurationPlatforms) = preSolution
		Debug|Any CPU = Debug|Any CPU
		Release|Any CPU = Release|Any CPU
	EndGlobalSection
	GlobalSection(ProjectConfigurationPlatforms) = postSolution
		{46FB957F-8BA9-41EF-9DF1-406244D1869A}.Debug|Any CPU.ActiveCfg = Debug|Any CPU
		{46FB957F-8BA9-41EF-9DF1-406244D1869A}.Debug|Any CPU.Build.0 = Debug|Any CPU
		{46FB957F-8BA9-41EF-9DF1-406244D1869A}.Release|Any CPU.ActiveCfg = Release|Any CPU
		{46FB957F-8BA9-41EF-9DF1-406244D1869A}.Release|Any CPU.Build.0 = Release|Any CPU
		{E05B0F3F-333E-4842-8D43-06C8D938BE27}.Debug|Any CPU.ActiveCfg = Debug|Any CPU
		{E05B0F3F-333E-4842-8D43-06C8D938BE27}.Debug|Any CPU.Build.0 = Debug|Any CPU
		{E05B0F3F-333E-4842-8D43-06C8D938BE27}.Release|Any CPU.ActiveCfg = Release|Any CPU
		{E05B0F3F-333E-4842-8D43-06C8D938BE27}.Release|Any CPU.Build.0 = Release|Any CPU
	EndGlobalSection
	GlobalSection(SolutionProperties) = preSolution
		HideSolutionNode = FALSE
	EndGlobalSection
	GlobalSection(ExtensibilityGlobals) = postSolution
		SolutionGuid = {2466E856-9CCF-426B-8478-F6D1AB7C6110}
	EndGlobalSection
EndGlobal
